// !$*UTF8*$!
{
	archiveVersion = 1;
	classes = {
	};
	objectVersion = 56;
	objects = {

/* Begin PBXBuildFile section */
		D2314F952BFBF78400306E7E /* FavoriteButton.swift in Sources */ = {isa = PBXBuildFile; fileRef = D2314F942BFBF78400306E7E /* FavoriteButton.swift */; };
		D25D2AD32BFBB773004DC555 /* LandmarkDetail.swift in Sources */ = {isa = PBXBuildFile; fileRef = D25D2AD22BFBB773004DC555 /* LandmarkDetail.swift */; };
		D29028922BF9C9E400635B31 /* LandmarksApp.swift in Sources */ = {isa = PBXBuildFile; fileRef = D29028912BF9C9E400635B31 /* LandmarksApp.swift */; };
		D29028942BF9C9E400635B31 /* ContentView.swift in Sources */ = {isa = PBXBuildFile; fileRef = D29028932BF9C9E400635B31 /* ContentView.swift */; };
		D29028962BF9C9E600635B31 /* Assets.xcassets in Resources */ = {isa = PBXBuildFile; fileRef = D29028952BF9C9E600635B31 /* Assets.xcassets */; };
		D29028992BF9C9E600635B31 /* Preview Assets.xcassets in Resources */ = {isa = PBXBuildFile; fileRef = D29028982BF9C9E600635B31 /* Preview Assets.xcassets */; };
		D29028A22BF9D12C00635B31 /* CircleImage.swift in Sources */ = {isa = PBXBuildFile; fileRef = D29028A12BF9D12C00635B31 /* CircleImage.swift */; };
		D29028A42BF9D24A00635B31 /* MapView.swift in Sources */ = {isa = PBXBuildFile; fileRef = D29028A32BF9D24A00635B31 /* MapView.swift */; };
		D2EAF41B2BFB42C400E2B3F7 /* Landmark.swift in Sources */ = {isa = PBXBuildFile; fileRef = D2EAF41A2BFB42C400E2B3F7 /* Landmark.swift */; };
		D2EAF41D2BFB445200E2B3F7 /* ModelData.swift in Sources */ = {isa = PBXBuildFile; fileRef = D2EAF41C2BFB445200E2B3F7 /* ModelData.swift */; };
		D2EAF4222BFB463200E2B3F7 /* landmarkData.json in Resources */ = {isa = PBXBuildFile; fileRef = D2EAF4212BFB463200E2B3F7 /* landmarkData.json */; };
		D2EAF4242BFB468100E2B3F7 /* LandmarkRow.swift in Sources */ = {isa = PBXBuildFile; fileRef = D2EAF4232BFB468100E2B3F7 /* LandmarkRow.swift */; };
		D2EAF4262BFB493E00E2B3F7 /* LandmarkList.swift in Sources */ = {isa = PBXBuildFile; fileRef = D2EAF4252BFB493E00E2B3F7 /* LandmarkList.swift */; };
/* End PBXBuildFile section */

/* Begin PBXFileReference section */
		D2314F942BFBF78400306E7E /* FavoriteButton.swift */ = {isa = PBXFileReference; lastKnownFileType = sourcecode.swift; path = FavoriteButton.swift; sourceTree = "<group>"; };
		D25D2AD22BFBB773004DC555 /* LandmarkDetail.swift */ = {isa = PBXFileReference; lastKnownFileType = sourcecode.swift; path = LandmarkDetail.swift; sourceTree = "<group>"; };
		D290288E2BF9C9E400635B31 /* Landmarks.app */ = {isa = PBXFileReference; explicitFileType = wrapper.application; includeInIndex = 0; path = Landmarks.app; sourceTree = BUILT_PRODUCTS_DIR; };
		D29028912BF9C9E400635B31 /* LandmarksApp.swift */ = {isa = PBXFileReference; lastKnownFileType = sourcecode.swift; path = LandmarksApp.swift; sourceTree = "<group>"; };
		D29028932BF9C9E400635B31 /* ContentView.swift */ = {isa = PBXFileReference; lastKnownFileType = sourcecode.swift; path = ContentView.swift; sourceTree = "<group>"; };
		D29028952BF9C9E600635B31 /* Assets.xcassets */ = {isa = PBXFileReference; lastKnownFileType = folder.assetcatalog; path = Assets.xcassets; sourceTree = "<group>"; };
		D29028982BF9C9E600635B31 /* Preview Assets.xcassets */ = {isa = PBXFileReference; lastKnownFileType = folder.assetcatalog; path = "Preview Assets.xcassets"; sourceTree = "<group>"; };
		D29028A12BF9D12C00635B31 /* CircleImage.swift */ = {isa = PBXFileReference; lastKnownFileType = sourcecode.swift; path = CircleImage.swift; sourceTree = "<group>"; };
		D29028A32BF9D24A00635B31 /* MapView.swift */ = {isa = PBXFileReference; lastKnownFileType = sourcecode.swift; path = MapView.swift; sourceTree = "<group>"; };
		D2EAF41A2BFB42C400E2B3F7 /* Landmark.swift */ = {isa = PBXFileReference; lastKnownFileType = sourcecode.swift; path = Landmark.swift; sourceTree = "<group>"; };
		D2EAF41C2BFB445200E2B3F7 /* ModelData.swift */ = {isa = PBXFileReference; lastKnownFileType = sourcecode.swift; path = ModelData.swift; sourceTree = "<group>"; };
		D2EAF4212BFB463200E2B3F7 /* landmarkData.json */ = {isa = PBXFileReference; fileEncoding = 4; lastKnownFileType = text.json; path = landmarkData.json; sourceTree = "<group>"; };
		D2EAF4232BFB468100E2B3F7 /* LandmarkRow.swift */ = {isa = PBXFileReference; lastKnownFileType = sourcecode.swift; path = LandmarkRow.swift; sourceTree = "<group>"; };
		D2EAF4252BFB493E00E2B3F7 /* LandmarkList.swift */ = {isa = PBXFileReference; lastKnownFileType = sourcecode.swift; path = LandmarkList.swift; sourceTree = "<group>"; };
/* End PBXFileReference section */

/* Begin PBXFrameworksBuildPhase section */
		D290288B2BF9C9E400635B31 /* Frameworks */ = {
			isa = PBXFrameworksBuildPhase;
			buildActionMask = 2147483647;
			files = (
			);
			runOnlyForDeploymentPostprocessing = 0;
		};
/* End PBXFrameworksBuildPhase section */

/* Begin PBXGroup section */
		D2314F962BFBF9FA00306E7E /* Helpers */ = {
			isa = PBXGroup;
			children = (
				D29028A12BF9D12C00635B31 /* CircleImage.swift */,
				D29028A32BF9D24A00635B31 /* MapView.swift */,
				D2314F942BFBF78400306E7E /* FavoriteButton.swift */,
			);
			path = Helpers;
			sourceTree = "<group>";
		};
		D2314F972BFBFA2400306E7E /* Landmark */ = {
			isa = PBXGroup;
			children = (
				D2EAF4232BFB468100E2B3F7 /* LandmarkRow.swift */,
				D2EAF4252BFB493E00E2B3F7 /* LandmarkList.swift */,
				D25D2AD22BFBB773004DC555 /* LandmarkDetail.swift */,
			);
			path = Landmark;
			sourceTree = "<group>";
		};
		D29028852BF9C9E300635B31 = {
			isa = PBXGroup;
			children = (
				D29028902BF9C9E400635B31 /* Landmarks */,
				D290288F2BF9C9E400635B31 /* Products */,
			);
			sourceTree = "<group>";
		};
		D290288F2BF9C9E400635B31 /* Products */ = {
			isa = PBXGroup;
			children = (
				D290288E2BF9C9E400635B31 /* Landmarks.app */,
			);
			name = Products;
			sourceTree = "<group>";
		};
		D29028902BF9C9E400635B31 /* Landmarks */ = {
			isa = PBXGroup;
			children = (
				D2314F972BFBFA2400306E7E /* Landmark */,
				D2314F962BFBF9FA00306E7E /* Helpers */,
				D2EAF4202BFB45D900E2B3F7 /* Resources */,
				D2EAF41F2BFB45CE00E2B3F7 /* Model */,
				D2EAF41E2BFB45C700E2B3F7 /* Views */,
				D29028912BF9C9E400635B31 /* LandmarksApp.swift */,
				D29028952BF9C9E600635B31 /* Assets.xcassets */,
				D29028972BF9C9E600635B31 /* Preview Content */,
			);
			path = Landmarks;
			sourceTree = "<group>";
		};
		D29028972BF9C9E600635B31 /* Preview Content */ = {
			isa = PBXGroup;
			children = (
				D29028982BF9C9E600635B31 /* Preview Assets.xcassets */,
			);
			path = "Preview Content";
			sourceTree = "<group>";
		};
		D2EAF41E2BFB45C700E2B3F7 /* Views */ = {
			isa = PBXGroup;
			children = (
				D29028932BF9C9E400635B31 /* ContentView.swift */,
			);
			path = Views;
			sourceTree = "<group>";
		};
		D2EAF41F2BFB45CE00E2B3F7 /* Model */ = {
			isa = PBXGroup;
			children = (
				D2EAF41A2BFB42C400E2B3F7 /* Landmark.swift */,
				D2EAF41C2BFB445200E2B3F7 /* ModelData.swift */,
			);
			path = Model;
			sourceTree = "<group>";
		};
		D2EAF4202BFB45D900E2B3F7 /* Resources */ = {
			isa = PBXGroup;
			children = (
				D2EAF4212BFB463200E2B3F7 /* landmarkData.json */,
			);
			path = Resources;
			sourceTree = "<group>";
		};
/* End PBXGroup section */

/* Begin PBXNativeTarget section */
		D290288D2BF9C9E400635B31 /* Landmarks */ = {
			isa = PBXNativeTarget;
			buildConfigurationList = D290289C2BF9C9E600635B31 /* Build configuration list for PBXNativeTarget "Landmarks" */;
			buildPhases = (
				D290288A2BF9C9E400635B31 /* Sources */,
				D290288B2BF9C9E400635B31 /* Frameworks */,
				D290288C2BF9C9E400635B31 /* Resources */,
			);
			buildRules = (
			);
			dependencies = (
			);
			name = Landmarks;
			productName = Landmarks;
			productReference = D290288E2BF9C9E400635B31 /* Landmarks.app */;
			productType = "com.apple.product-type.application";
		};
/* End PBXNativeTarget section */

/* Begin PBXProject section */
		D29028862BF9C9E300635B31 /* Project object */ = {
			isa = PBXProject;
			attributes = {
				BuildIndependentTargetsInParallel = 1;
				LastSwiftUpdateCheck = 1540;
				LastUpgradeCheck = 1540;
				TargetAttributes = {
					D290288D2BF9C9E400635B31 = {
						CreatedOnToolsVersion = 15.4;
					};
				};
			};
			buildConfigurationList = D29028892BF9C9E300635B31 /* Build configuration list for PBXProject "Landmarks" */;
			compatibilityVersion = "Xcode 14.0";
			developmentRegion = en;
			hasScannedForEncodings = 0;
			knownRegions = (
				en,
				Base,
			);
			mainGroup = D29028852BF9C9E300635B31;
			productRefGroup = D290288F2BF9C9E400635B31 /* Products */;
			projectDirPath = "";
			projectRoot = "";
			targets = (
				D290288D2BF9C9E400635B31 /* Landmarks */,
			);
		};
/* End PBXProject section */

/* Begin PBXResourcesBuildPhase section */
		D290288C2BF9C9E400635B31 /* Resources */ = {
			isa = PBXResourcesBuildPhase;
			buildActionMask = 2147483647;
			files = (
				D29028992BF9C9E600635B31 /* Preview Assets.xcassets in Resources */,
				D2EAF4222BFB463200E2B3F7 /* landmarkData.json in Resources */,
				D29028962BF9C9E600635B31 /* Assets.xcassets in Resources */,
			);
			runOnlyForDeploymentPostprocessing = 0;
		};
/* End PBXResourcesBuildPhase section */

/* Begin PBXSourcesBuildPhase section */
		D290288A2BF9C9E400635B31 /* Sources */ = {
			isa = PBXSourcesBuildPhase;
			buildActionMask = 2147483647;
			files = (
				D29028942BF9C9E400635B31 /* ContentView.swift in Sources */,
				D29028A42BF9D24A00635B31 /* MapView.swift in Sources */,
				D29028922BF9C9E400635B31 /* LandmarksApp.swift in Sources */,
				D2314F952BFBF78400306E7E /* FavoriteButton.swift in Sources */,
				D2EAF4262BFB493E00E2B3F7 /* LandmarkList.swift in Sources */,
				D25D2AD32BFBB773004DC555 /* LandmarkDetail.swift in Sources */,
				D29028A22BF9D12C00635B31 /* CircleImage.swift in Sources */,
				D2EAF41B2BFB42C400E2B3F7 /* Landmark.swift in Sources */,
				D2EAF4242BFB468100E2B3F7 /* LandmarkRow.swift in Sources */,
				D2EAF41D2BFB445200E2B3F7 /* ModelData.swift in Sources */,
			);
			runOnlyForDeploymentPostprocessing = 0;
		};
/* End PBXSourcesBuildPhase section */

/* Begin XCBuildConfiguration section */
		D290289A2BF9C9E600635B31 /* Debug */ = {
			isa = XCBuildConfiguration;
			buildSettings = {
				ALWAYS_SEARCH_USER_PATHS = NO;
				ASSETCATALOG_COMPILER_GENERATE_SWIFT_ASSET_SYMBOL_EXTENSIONS = YES;
				CLANG_ANALYZER_NONNULL = YES;
				CLANG_ANALYZER_NUMBER_OBJECT_CONVERSION = YES_AGGRESSIVE;
				CLANG_CXX_LANGUAGE_STANDARD = "gnu++20";
				CLANG_ENABLE_MODULES = YES;
				CLANG_ENABLE_OBJC_ARC = YES;
				CLANG_ENABLE_OBJC_WEAK = YES;
				CLANG_WARN_BLOCK_CAPTURE_AUTORELEASING = YES;
				CLANG_WARN_BOOL_CONVERSION = YES;
				CLANG_WARN_COMMA = YES;
				CLANG_WARN_CONSTANT_CONVERSION = YES;
				CLANG_WARN_DEPRECATED_OBJC_IMPLEMENTATIONS = YES;
				CLANG_WARN_DIRECT_OBJC_ISA_USAGE = YES_ERROR;
				CLANG_WARN_DOCUMENTATION_COMMENTS = YES;
				CLANG_WARN_EMPTY_BODY = YES;
				CLANG_WARN_ENUM_CONVERSION = YES;
				CLANG_WARN_INFINITE_RECURSION = YES;
				CLANG_WARN_INT_CONVERSION = YES;
				CLANG_WARN_NON_LITERAL_NULL_CONVERSION = YES;
				CLANG_WARN_OBJC_IMPLICIT_RETAIN_SELF = YES;
				CLANG_WARN_OBJC_LITERAL_CONVERSION = YES;
				CLANG_WARN_OBJC_ROOT_CLASS = YES_ERROR;
				CLANG_WARN_QUOTED_INCLUDE_IN_FRAMEWORK_HEADER = YES;
				CLANG_WARN_RANGE_LOOP_ANALYSIS = YES;
				CLANG_WARN_STRICT_PROTOTYPES = YES;
				CLANG_WARN_SUSPICIOUS_MOVE = YES;
				CLANG_WARN_UNGUARDED_AVAILABILITY = YES_AGGRESSIVE;
				CLANG_WARN_UNREACHABLE_CODE = YES;
				CLANG_WARN__DUPLICATE_METHOD_MATCH = YES;
				COPY_PHASE_STRIP = NO;
				DEBUG_INFORMATION_FORMAT = dwarf;
				ENABLE_STRICT_OBJC_MSGSEND = YES;
				ENABLE_TESTABILITY = YES;
				ENABLE_USER_SCRIPT_SANDBOXING = YES;
				GCC_C_LANGUAGE_STANDARD = gnu17;
				GCC_DYNAMIC_NO_PIC = NO;
				GCC_NO_COMMON_BLOCKS = YES;
				GCC_OPTIMIZATION_LEVEL = 0;
				GCC_PREPROCESSOR_DEFINITIONS = (
					"DEBUG=1",
					"$(inherited)",
				);
				GCC_WARN_64_TO_32_BIT_CONVERSION = YES;
				GCC_WARN_ABOUT_RETURN_TYPE = YES_ERROR;
				GCC_WARN_UNDECLARED_SELECTOR = YES;
				GCC_WARN_UNINITIALIZED_AUTOS = YES_AGGRESSIVE;
				GCC_WARN_UNUSED_FUNCTION = YES;
				GCC_WARN_UNUSED_VARIABLE = YES;
				IPHONEOS_DEPLOYMENT_TARGET = 17.5;
				LOCALIZATION_PREFERS_STRING_CATALOGS = YES;
				MTL_ENABLE_DEBUG_INFO = INCLUDE_SOURCE;
				MTL_FAST_MATH = YES;
				ONLY_ACTIVE_ARCH = YES;
				SDKROOT = iphoneos;
				SWIFT_ACTIVE_COMPILATION_CONDITIONS = "DEBUG $(inherited)";
				SWIFT_OPTIMIZATION_LEVEL = "-Onone";
			};
			name = Debug;
		};
		D290289B2BF9C9E600635B31 /* Release */ = {
			isa = XCBuildConfiguration;
			buildSettings = {
				ALWAYS_SEARCH_USER_PATHS = NO;
				ASSETCATALOG_COMPILER_GENERATE_SWIFT_ASSET_SYMBOL_EXTENSIONS = YES;
				CLANG_ANALYZER_NONNULL = YES;
				CLANG_ANALYZER_NUMBER_OBJECT_CONVERSION = YES_AGGRESSIVE;
				CLANG_CXX_LANGUAGE_STANDARD = "gnu++20";
				CLANG_ENABLE_MODULES = YES;
				CLANG_ENABLE_OBJC_ARC = YES;
				CLANG_ENABLE_OBJC_WEAK = YES;
				CLANG_WARN_BLOCK_CAPTURE_AUTORELEASING = YES;
				CLANG_WARN_BOOL_CONVERSION = YES;
				CLANG_WARN_COMMA = YES;
				CLANG_WARN_CONSTANT_CONVERSION = YES;
				CLANG_WARN_DEPRECATED_OBJC_IMPLEMENTATIONS = YES;
				CLANG_WARN_DIRECT_OBJC_ISA_USAGE = YES_ERROR;
				CLANG_WARN_DOCUMENTATION_COMMENTS = YES;
				CLANG_WARN_EMPTY_BODY = YES;
				CLANG_WARN_ENUM_CONVERSION = YES;
				CLANG_WARN_INFINITE_RECURSION = YES;
				CLANG_WARN_INT_CONVERSION = YES;
				CLANG_WARN_NON_LITERAL_NULL_CONVERSION = YES;
				CLANG_WARN_OBJC_IMPLICIT_RETAIN_SELF = YES;
				CLANG_WARN_OBJC_LITERAL_CONVERSION = YES;
				CLANG_WARN_OBJC_ROOT_CLASS = YES_ERROR;
				CLANG_WARN_QUOTED_INCLUDE_IN_FRAMEWORK_HEADER = YES;
				CLANG_WARN_RANGE_LOOP_ANALYSIS = YES;
				CLANG_WARN_STRICT_PROTOTYPES = YES;
				CLANG_WARN_SUSPICIOUS_MOVE = YES;
				CLANG_WARN_UNGUARDED_AVAILABILITY = YES_AGGRESSIVE;
				CLANG_WARN_UNREACHABLE_CODE = YES;
				CLANG_WARN__DUPLICATE_METHOD_MATCH = YES;
				COPY_PHASE_STRIP = NO;
				DEBUG_INFORMATION_FORMAT = "dwarf-with-dsym";
				ENABLE_NS_ASSERTIONS = NO;
				ENABLE_STRICT_OBJC_MSGSEND = YES;
				ENABLE_USER_SCRIPT_SANDBOXING = YES;
				GCC_C_LANGUAGE_STANDARD = gnu17;
				GCC_NO_COMMON_BLOCKS = YES;
				GCC_WARN_64_TO_32_BIT_CONVERSION = YES;
				GCC_WARN_ABOUT_RETURN_TYPE = YES_ERROR;
				GCC_WARN_UNDECLARED_SELECTOR = YES;
				GCC_WARN_UNINITIALIZED_AUTOS = YES_AGGRESSIVE;
				GCC_WARN_UNUSED_FUNCTION = YES;
				GCC_WARN_UNUSED_VARIABLE = YES;
				IPHONEOS_DEPLOYMENT_TARGET = 17.5;
				LOCALIZATION_PREFERS_STRING_CATALOGS = YES;
				MTL_ENABLE_DEBUG_INFO = NO;
				MTL_FAST_MATH = YES;
				SDKROOT = iphoneos;
				SWIFT_COMPILATION_MODE = wholemodule;
				VALIDATE_PRODUCT = YES;
			};
			name = Release;
		};
		D290289D2BF9C9E600635B31 /* Debug */ = {
			isa = XCBuildConfiguration;
			buildSettings = {
				ASSETCATALOG_COMPILER_APPICON_NAME = AppIcon;
				ASSETCATALOG_COMPILER_GLOBAL_ACCENT_COLOR_NAME = AccentColor;
				CODE_SIGN_STYLE = Automatic;
				CURRENT_PROJECT_VERSION = 1;
				DEVELOPMENT_ASSET_PATHS = "\"Landmarks/Preview Content\"";
				DEVELOPMENT_TEAM = T64W6M4848;
				ENABLE_PREVIEWS = YES;
				GENERATE_INFOPLIST_FILE = YES;
				INFOPLIST_KEY_UIApplicationSceneManifest_Generation = YES;
				INFOPLIST_KEY_UIApplicationSupportsIndirectInputEvents = YES;
				INFOPLIST_KEY_UILaunchScreen_Generation = YES;
				INFOPLIST_KEY_UISupportedInterfaceOrientations_iPad = "UIInterfaceOrientationPortrait UIInterfaceOrientationPortraitUpsideDown UIInterfaceOrientationLandscapeLeft UIInterfaceOrientationLandscapeRight";
				INFOPLIST_KEY_UISupportedInterfaceOrientations_iPhone = "UIInterfaceOrientationPortrait UIInterfaceOrientationLandscapeLeft UIInterfaceOrientationLandscapeRight";
				LD_RUNPATH_SEARCH_PATHS = (
					"$(inherited)",
					"@executable_path/Frameworks",
				);
				MARKETING_VERSION = 1.0;
				PRODUCT_BUNDLE_IDENTIFIER = frangel.Landmarks;
				PRODUCT_NAME = "$(TARGET_NAME)";
				SWIFT_EMIT_LOC_STRINGS = YES;
				SWIFT_VERSION = 5.0;
				TARGETED_DEVICE_FAMILY = "1,2";
			};
			name = Debug;
		};
		D290289E2BF9C9E600635B31 /* Release */ = {
			isa = XCBuildConfiguration;
			buildSettings = {
				ASSETCATALOG_COMPILER_APPICON_NAME = AppIcon;
				ASSETCATALOG_COMPILER_GLOBAL_ACCENT_COLOR_NAME = AccentColor;
				CODE_SIGN_STYLE = Automatic;
				CURRENT_PROJECT_VERSION = 1;
				DEVELOPMENT_ASSET_PATHS = "\"Landmarks/Preview Content\"";
				DEVELOPMENT_TEAM = T64W6M4848;
				ENABLE_PREVIEWS = YES;
				GENERATE_INFOPLIST_FILE = YES;
				INFOPLIST_KEY_UIApplicationSceneManifest_Generation = YES;
				INFOPLIST_KEY_UIApplicationSupportsIndirectInputEvents = YES;
				INFOPLIST_KEY_UILaunchScreen_Generation = YES;
				INFOPLIST_KEY_UISupportedInterfaceOrientations_iPad = "UIInterfaceOrientationPortrait UIInterfaceOrientationPortraitUpsideDown UIInterfaceOrientationLandscapeLeft UIInterfaceOrientationLandscapeRight";
				INFOPLIST_KEY_UISupportedInterfaceOrientations_iPhone = "UIInterfaceOrientationPortrait UIInterfaceOrientationLandscapeLeft UIInterfaceOrientationLandscapeRight";
				LD_RUNPATH_SEARCH_PATHS = (
					"$(inherited)",
					"@executable_path/Frameworks",
				);
				MARKETING_VERSION = 1.0;
				PRODUCT_BUNDLE_IDENTIFIER = frangel.Landmarks;
				PRODUCT_NAME = "$(TARGET_NAME)";
				SWIFT_EMIT_LOC_STRINGS = YES;
				SWIFT_VERSION = 5.0;
				TARGETED_DEVICE_FAMILY = "1,2";
			};
			name = Release;
		};
/* End XCBuildConfiguration section */

/* Begin XCConfigurationList section */
		D29028892BF9C9E300635B31 /* Build configuration list for PBXProject "Landmarks" */ = {
			isa = XCConfigurationList;
			buildConfigurations = (
				D290289A2BF9C9E600635B31 /* Debug */,
				D290289B2BF9C9E600635B31 /* Release */,
			);
			defaultConfigurationIsVisible = 0;
			defaultConfigurationName = Release;
		};
		D290289C2BF9C9E600635B31 /* Build configuration list for PBXNativeTarget "Landmarks" */ = {
			isa = XCConfigurationList;
			buildConfigurations = (
				D290289D2BF9C9E600635B31 /* Debug */,
				D290289E2BF9C9E600635B31 /* Release */,
			);
			defaultConfigurationIsVisible = 0;
			defaultConfigurationName = Release;
		};
/* End XCConfigurationList section */
	};
	rootObject = D29028862BF9C9E300635B31 /* Project object */;
}
